
Microsoft Visual Studio Solution File, Format Version 12.00
# Visual Studio Version 16
VisualStudioVersion = 16.0.30503.244
MinimumVisualStudioVersion = 10.0.40219.1
Project("{9A19103F-16F7-4668-BE54-9A1E7A4F7556}") = "GhotokApi", "GhotokApi\GhotokApi.csproj", "{C9B44017-C1EA-4AF5-922E-503A6DB3FC83}"
EndProject
Project("{9A19103F-16F7-4668-BE54-9A1E7A4F7556}") = "Ghotok.Data", "Ghotok.Data\Ghotok.Data.csproj", "{0B584760-C394-40A4-B6AC-D372B41B1D94}"
EndProject
Project("{9A19103F-16F7-4668-BE54-9A1E7A4F7556}") = "Ghotok.Data.Test", "Ghotok.Data.Test\Ghotok.Data.Test.csproj", "{3D61D581-3D21-41E1-BEA0-9D3ED5D703AE}"
EndProject
Project("{9A19103F-16F7-4668-BE54-9A1E7A4F7556}") = "Ghotok.Api.Test", "Ghotok.Api.Test\Ghotok.Api.Test.csproj", "{D9E4300D-7BAB-4DB1-BE23-629D06CB088A}"
EndProject
Project("{FAE04EC0-301F-11D3-BF4B-00C04F79EFBC}") = "QQuery", "QQuery\QQuery.csproj", "{B23B6552-AA45-48DA-A81D-5770D804BFE3}"
EndProject
Global
	GlobalSection(SolutionConfigurationPlatforms) = preSolution
		Debug|Any CPU = Debug|Any CPU
		Debug|x64 = Debug|x64
		Release|Any CPU = Release|Any CPU
		Release|x64 = Release|x64
	EndGlobalSection
	GlobalSection(ProjectConfigurationPlatforms) = postSolution
		{C9B44017-C1EA-4AF5-922E-503A6DB3FC83}.Debug|Any CPU.ActiveCfg = Debug|Any CPU
		{C9B44017-C1EA-4AF5-922E-503A6DB3FC83}.Debug|Any CPU.Build.0 = Debug|Any CPU
		{C9B44017-C1EA-4AF5-922E-503A6DB3FC83}.Debug|x64.ActiveCfg = Debug|Any CPU
		{C9B44017-C1EA-4AF5-922E-503A6DB3FC83}.Debug|x64.Build.0 = Debug|Any CPU
		{C9B44017-C1EA-4AF5-922E-503A6DB3FC83}.Release|Any CPU.ActiveCfg = Release|Any CPU
		{C9B44017-C1EA-4AF5-922E-503A6DB3FC83}.Release|Any CPU.Build.0 = Release|Any CPU
		{C9B44017-C1EA-4AF5-922E-503A6DB3FC83}.Release|x64.ActiveCfg = Release|x64
		{C9B44017-C1EA-4AF5-922E-503A6DB3FC83}.Release|x64.Build.0 = Release|x64
		{0B584760-C394-40A4-B6AC-D372B41B1D94}.Debug|Any CPU.ActiveCfg = Debug|Any CPU
		{0B584760-C394-40A4-B6AC-D372B41B1D94}.Debug|Any CPU.Build.0 = Debug|Any CPU
		{0B584760-C394-40A4-B6AC-D372B41B1D94}.Debug|x64.ActiveCfg = Debug|Any CPU
		{0B584760-C394-40A4-B6AC-D372B41B1D94}.Debug|x64.Build.0 = Debug|Any CPU
		{0B584760-C394-40A4-B6AC-D372B41B1D94}.Release|Any CPU.ActiveCfg = Release|Any CPU
		{0B584760-C394-40A4-B6AC-D372B41B1D94}.Release|Any CPU.Build.0 = Release|Any CPU
		{0B584760-C394-40A4-B6AC-D372B41B1D94}.Release|x64.ActiveCfg = Release|x64
		{0B584760-C394-40A4-B6AC-D372B41B1D94}.Release|x64.Build.0 = Release|x64
		{3D61D581-3D21-41E1-BEA0-9D3ED5D703AE}.Debug|Any CPU.ActiveCfg = Debug|Any CPU
		{3D61D581-3D21-41E1-BEA0-9D3ED5D703AE}.Debug|Any CPU.Build.0 = Debug|Any CPU
		{3D61D581-3D21-41E1-BEA0-9D3ED5D703AE}.Debug|x64.ActiveCfg = Debug|Any CPU
		{3D61D581-3D21-41E1-BEA0-9D3ED5D703AE}.Debug|x64.Build.0 = Debug|Any CPU
		{3D61D581-3D21-41E1-BEA0-9D3ED5D703AE}.Release|Any CPU.ActiveCfg = Release|Any CPU
		{3D61D581-3D21-41E1-BEA0-9D3ED5D703AE}.Release|Any CPU.Build.0 = Release|Any CPU
		{3D61D581-3D21-41E1-BEA0-9D3ED5D703AE}.Release|x64.ActiveCfg = Release|Any CPU
		{3D61D581-3D21-41E1-BEA0-9D3ED5D703AE}.Release|x64.Build.0 = Release|Any CPU
		{D9E4300D-7BAB-4DB1-BE23-629D06CB088A}.Debug|Any CPU.ActiveCfg = Debug|Any CPU
		{D9E4300D-7BAB-4DB1-BE23-629D06CB088A}.Debug|Any CPU.Build.0 = Debug|Any CPU
		{D9E4300D-7BAB-4DB1-BE23-629D06CB088A}.Debug|x64.ActiveCfg = Debug|Any CPU
		{D9E4300D-7BAB-4DB1-BE23-629D06CB088A}.Debug|x64.Build.0 = Debug|Any CPU
		{D9E4300D-7BAB-4DB1-BE23-629D06CB088A}.Release|Any CPU.ActiveCfg = Release|Any CPU
		{D9E4300D-7BAB-4DB1-BE23-629D06CB088A}.Release|Any CPU.Build.0 = Release|Any CPU
		{D9E4300D-7BAB-4DB1-BE23-629D06CB088A}.Release|x64.ActiveCfg = Release|Any CPU
		{D9E4300D-7BAB-4DB1-BE23-629D06CB088A}.Release|x64.Build.0 = Release|Any CPU
		{B23B6552-AA45-48DA-A81D-5770D804BFE3}.Debug|Any CPU.ActiveCfg = Debug|Any CPU
		{B23B6552-AA45-48DA-A81D-5770D804BFE3}.Debug|Any CPU.Build.0 = Debug|Any CPU
		{B23B6552-AA45-48DA-A81D-5770D804BFE3}.Debug|x64.ActiveCfg = Debug|Any CPU
		{B23B6552-AA45-48DA-A81D-5770D804BFE3}.Debug|x64.Build.0 = Debug|Any CPU
		{B23B6552-AA45-48DA-A81D-5770D804BFE3}.Release|Any CPU.ActiveCfg = Release|Any CPU
		{B23B6552-AA45-48DA-A81D-5770D804BFE3}.Release|Any CPU.Build.0 = Release|Any CPU
		{B23B6552-AA45-48DA-A81D-5770D804BFE3}.Release|x64.ActiveCfg = Release|Any CPU
		{B23B6552-AA45-48DA-A81D-5770D804BFE3}.Release|x64.Build.0 = Release|Any CPU
	EndGlobalSection
	GlobalSection(SolutionProperties) = preSolution
		HideSolutionNode = FALSE
	EndGlobalSection
	GlobalSection(ExtensibilityGlobals) = postSolution
		SolutionGuid = {4551921C-27A5-48CC-9F52-51E14686DEFB}
	EndGlobalSection
EndGlobal
